
Microsoft Visual Studio Solution File, Format Version 12.00
# Visual Studio Version 17
VisualStudioVersion = 17.1.32328.378
MinimumVisualStudioVersion = 10.0.40219.1
Project("{FAE04EC0-301F-11D3-BF4B-00C04F79EFBC}") = "PHOTOTINDER", "PHOTOTINDER\PHOTOTINDER.csproj", "{0366DFD5-D2DC-4F77-AFEB-98E54B25B0F3}"
EndProject
Global
	GlobalSection(SolutionConfigurationPlatforms) = preSolution
		Debug|Any CPU = Debug|Any CPU
		Release|Any CPU = Release|Any CPU
	EndGlobalSection
	GlobalSection(ProjectConfigurationPlatforms) = postSolution
		{0366DFD5-D2DC-4F77-AFEB-98E54B25B0F3}.Debug|Any CPU.ActiveCfg = Debug|Any CPU
		{0366DFD5-D2DC-4F77-AFEB-98E54B25B0F3}.Debug|Any CPU.Build.0 = Debug|Any CPU
		{0366DFD5-D2DC-4F77-AFEB-98E54B25B0F3}.Release|Any CPU.ActiveCfg = Release|Any CPU
		{0366DFD5-D2DC-4F77-AFEB-98E54B25B0F3}.Release|Any CPU.Build.0 = Release|Any CPU
	EndGlobalSection
	GlobalSection(SolutionProperties) = preSolution
		HideSolutionNode = FALSE
	EndGlobalSection
	GlobalSection(ExtensibilityGlobals) = postSolution
		SolutionGuid = {76BEDE88-A645-40C1-8703-896762350252}
	EndGlobalSection
EndGlobal
